
Microsoft Visual Studio Solution File, Format Version 12.00
# Visual Studio 15
VisualStudioVersion = 15.0.28307.1145
MinimumVisualStudioVersion = 10.0.40219.1
Project("{8BC9CEB8-8B4A-11D0-8D11-00A0C91BC942}") = "Tetris_SFML", "Tetris_SFML\Tetris_SFML.vcxproj", "{BC2C7B01-3703-4DDD-B4DB-19C3EC2CE91A}"
EndProject
Global
	GlobalSection(SolutionConfigurationPlatforms) = preSolution
		Debug|x64 = Debug|x64
		Debug|x86 = Debug|x86
		Release|x64 = Release|x64
		Release|x86 = Release|x86
	EndGlobalSection
	GlobalSection(ProjectConfigurationPlatforms) = postSolution
		{BC2C7B01-3703-4DDD-B4DB-19C3EC2CE91A}.Debug|x64.ActiveCfg = Debug|x64
		{BC2C7B01-3703-4DDD-B4DB-19C3EC2CE91A}.Debug|x64.Build.0 = Debug|x64
		{BC2C7B01-3703-4DDD-B4DB-19C3EC2CE91A}.Debug|x86.ActiveCfg = Debug|Win32
		{BC2C7B01-3703-4DDD-B4DB-19C3EC2CE91A}.Debug|x86.Build.0 = Debug|Win32
		{BC2C7B01-3703-4DDD-B4DB-19C3EC2CE91A}.Release|x64.ActiveCfg = Release|x64
		{BC2C7B01-3703-4DDD-B4DB-19C3EC2CE91A}.Release|x64.Build.0 = Release|x64
		{BC2C7B01-3703-4DDD-B4DB-19C3EC2CE91A}.Release|x86.ActiveCfg = Release|Win32
		{BC2C7B01-3703-4DDD-B4DB-19C3EC2CE91A}.Release|x86.Build.0 = Release|Win32
	EndGlobalSection
	GlobalSection(SolutionProperties) = preSolution
		HideSolutionNode = FALSE
	EndGlobalSection
	GlobalSection(ExtensibilityGlobals) = postSolution
		SolutionGuid = {8E34A9D5-A576-4A3C-8A9A-9CA6D16BE88D}
	EndGlobalSection
EndGlobal
